// !$*UTF8*$!
{
	archiveVersion = 1;
	classes = {
	};
	objectVersion = 56;
	objects = {

/* Begin PBXBuildFile section */
		3B241AF9296501BC002B23EF /* TimeAndTips.swift in Sources */ = {isa = PBXBuildFile; fileRef = 3B241AF8296501BC002B23EF /* TimeAndTips.swift */; };
		3B8E26D92952410400287043 /* SummaryView.swift in Sources */ = {isa = PBXBuildFile; fileRef = 3B8E26D82952410400287043 /* SummaryView.swift */; };
		3B8E26DB2952417900287043 /* HourView.swift in Sources */ = {isa = PBXBuildFile; fileRef = 3B8E26DA2952417900287043 /* HourView.swift */; };
		3B960FF92957819700B13D6B /* WageDetailView.swift in Sources */ = {isa = PBXBuildFile; fileRef = 3B960FF82957819700B13D6B /* WageDetailView.swift */; };
		3BBCC3DC2953DCF900B7D9D6 /* DateSelectorView.swift in Sources */ = {isa = PBXBuildFile; fileRef = 3BBCC3DB2953DCF900B7D9D6 /* DateSelectorView.swift */; };
		3BBCC3DE2953DDB600B7D9D6 /* TipView.swift in Sources */ = {isa = PBXBuildFile; fileRef = 3BBCC3DD2953DDB600B7D9D6 /* TipView.swift */; };
		3BF966AB294E3C80004903D5 /* Time_Wage_TipApp.swift in Sources */ = {isa = PBXBuildFile; fileRef = 3BF966AA294E3C80004903D5 /* Time_Wage_TipApp.swift */; };
		3BF966AD294E3C80004903D5 /* ContentView.swift in Sources */ = {isa = PBXBuildFile; fileRef = 3BF966AC294E3C80004903D5 /* ContentView.swift */; };
		3BF966AF294E3C81004903D5 /* Assets.xcassets in Resources */ = {isa = PBXBuildFile; fileRef = 3BF966AE294E3C81004903D5 /* Assets.xcassets */; };
		3BF966B2294E3C81004903D5 /* Preview Assets.xcassets in Resources */ = {isa = PBXBuildFile; fileRef = 3BF966B1294E3C81004903D5 /* Preview Assets.xcassets */; };
/* End PBXBuildFile section */

/* Begin PBXFileReference section */
		3B241AF8296501BC002B23EF /* TimeAndTips.swift */ = {isa = PBXFileReference; lastKnownFileType = sourcecode.swift; path = TimeAndTips.swift; sourceTree = "<group>"; };
		3B8E26D82952410400287043 /* SummaryView.swift */ = {isa = PBXFileReference; lastKnownFileType = sourcecode.swift; path = SummaryView.swift; sourceTree = "<group>"; };
		3B8E26DA2952417900287043 /* HourView.swift */ = {isa = PBXFileReference; lastKnownFileType = sourcecode.swift; path = HourView.swift; sourceTree = "<group>"; };
		3B960FF82957819700B13D6B /* WageDetailView.swift */ = {isa = PBXFileReference; lastKnownFileType = sourcecode.swift; path = WageDetailView.swift; sourceTree = "<group>"; usesTabs = 0; };
		3BBCC3DB2953DCF900B7D9D6 /* DateSelectorView.swift */ = {isa = PBXFileReference; lastKnownFileType = sourcecode.swift; path = DateSelectorView.swift; sourceTree = "<group>"; };
		3BBCC3DD2953DDB600B7D9D6 /* TipView.swift */ = {isa = PBXFileReference; lastKnownFileType = sourcecode.swift; path = TipView.swift; sourceTree = "<group>"; };
		3BF966A7294E3C80004903D5 /* Time_Wage_Tip.app */ = {isa = PBXFileReference; explicitFileType = wrapper.application; includeInIndex = 0; path = Time_Wage_Tip.app; sourceTree = BUILT_PRODUCTS_DIR; };
		3BF966AA294E3C80004903D5 /* Time_Wage_TipApp.swift */ = {isa = PBXFileReference; lastKnownFileType = sourcecode.swift; path = Time_Wage_TipApp.swift; sourceTree = "<group>"; };
		3BF966AC294E3C80004903D5 /* ContentView.swift */ = {isa = PBXFileReference; lastKnownFileType = sourcecode.swift; path = ContentView.swift; sourceTree = "<group>"; };
		3BF966AE294E3C81004903D5 /* Assets.xcassets */ = {isa = PBXFileReference; lastKnownFileType = folder.assetcatalog; path = Assets.xcassets; sourceTree = "<group>"; };
		3BF966B1294E3C81004903D5 /* Preview Assets.xcassets */ = {isa = PBXFileReference; lastKnownFileType = folder.assetcatalog; path = "Preview Assets.xcassets"; sourceTree = "<group>"; };
/* End PBXFileReference section */

/* Begin PBXFrameworksBuildPhase section */
		3BF966A4294E3C80004903D5 /* Frameworks */ = {
			isa = PBXFrameworksBuildPhase;
			buildActionMask = 2147483647;
			files = (
			);
			runOnlyForDeploymentPostprocessing = 0;
		};
/* End PBXFrameworksBuildPhase section */

/* Begin PBXGroup section */
		3BF9669E294E3C80004903D5 = {
			isa = PBXGroup;
			children = (
				3BF966A9294E3C80004903D5 /* Time_Wage_Tip */,
				3BF966A8294E3C80004903D5 /* Products */,
			);
			sourceTree = "<group>";
		};
		3BF966A8294E3C80004903D5 /* Products */ = {
			isa = PBXGroup;
			children = (
				3BF966A7294E3C80004903D5 /* Time_Wage_Tip.app */,
			);
			name = Products;
			sourceTree = "<group>";
		};
		3BF966A9294E3C80004903D5 /* Time_Wage_Tip */ = {
			isa = PBXGroup;
			children = (
				3BBCC3DB2953DCF900B7D9D6 /* DateSelectorView.swift */,
				3BF966AA294E3C80004903D5 /* Time_Wage_TipApp.swift */,
				3BF966AC294E3C80004903D5 /* ContentView.swift */,
				3BF966AE294E3C81004903D5 /* Assets.xcassets */,
				3BF966B0294E3C81004903D5 /* Preview Content */,
				3B8E26D82952410400287043 /* SummaryView.swift */,
				3B8E26DA2952417900287043 /* HourView.swift */,
				3BBCC3DD2953DDB600B7D9D6 /* TipView.swift */,
				3B960FF82957819700B13D6B /* WageDetailView.swift */,
				3B241AF8296501BC002B23EF /* TimeAndTips.swift */,
			);
			path = Time_Wage_Tip;
			sourceTree = "<group>";
		};
		3BF966B0294E3C81004903D5 /* Preview Content */ = {
			isa = PBXGroup;
			children = (
				3BF966B1294E3C81004903D5 /* Preview Assets.xcassets */,
			);
			path = "Preview Content";
			sourceTree = "<group>";
		};
/* End PBXGroup section */

/* Begin PBXNativeTarget section */
		3BF966A6294E3C80004903D5 /* Time_Wage_Tip */ = {
			isa = PBXNativeTarget;
			buildConfigurationList = 3BF966B5294E3C81004903D5 /* Build configuration list for PBXNativeTarget "Time_Wage_Tip" */;
			buildPhases = (
				3BF966A3294E3C80004903D5 /* Sources */,
				3BF966A4294E3C80004903D5 /* Frameworks */,
				3BF966A5294E3C80004903D5 /* Resources */,
			);
			buildRules = (
			);
			dependencies = (
			);
			name = Time_Wage_Tip;
			productName = Time_Wage_Tip;
			productReference = 3BF966A7294E3C80004903D5 /* Time_Wage_Tip.app */;
			productType = "com.apple.product-type.application";
		};
/* End PBXNativeTarget section */

/* Begin PBXProject section */
		3BF9669F294E3C80004903D5 /* Project object */ = {
			isa = PBXProject;
			attributes = {
				BuildIndependentTargetsInParallel = 1;
				LastSwiftUpdateCheck = 1420;
				LastUpgradeCheck = 1420;
				TargetAttributes = {
					3BF966A6294E3C80004903D5 = {
						CreatedOnToolsVersion = 14.2;
					};
				};
			};
			buildConfigurationList = 3BF966A2294E3C80004903D5 /* Build configuration list for PBXProject "Time_Wage_Tip" */;
			compatibilityVersion = "Xcode 14.0";
			developmentRegion = en;
			hasScannedForEncodings = 0;
			knownRegions = (
				en,
				Base,
			);
			mainGroup = 3BF9669E294E3C80004903D5;
			productRefGroup = 3BF966A8294E3C80004903D5 /* Products */;
			projectDirPath = "";
			projectRoot = "";
			targets = (
				3BF966A6294E3C80004903D5 /* Time_Wage_Tip */,
			);
		};
/* End PBXProject section */

/* Begin PBXResourcesBuildPhase section */
		3BF966A5294E3C80004903D5 /* Resources */ = {
			isa = PBXResourcesBuildPhase;
			buildActionMask = 2147483647;
			files = (
				3BF966B2294E3C81004903D5 /* Preview Assets.xcassets in Resources */,
				3BF966AF294E3C81004903D5 /* Assets.xcassets in Resources */,
			);
			runOnlyForDeploymentPostprocessing = 0;
		};
/* End PBXResourcesBuildPhase section */

/* Begin PBXSourcesBuildPhase section */
		3BF966A3294E3C80004903D5 /* Sources */ = {
			isa = PBXSourcesBuildPhase;
			buildActionMask = 2147483647;
			files = (
				3BBCC3DE2953DDB600B7D9D6 /* TipView.swift in Sources */,
				3B960FF92957819700B13D6B /* WageDetailView.swift in Sources */,
				3BF966AD294E3C80004903D5 /* ContentView.swift in Sources */,
				3BF966AB294E3C80004903D5 /* Time_Wage_TipApp.swift in Sources */,
				3B8E26DB2952417900287043 /* HourView.swift in Sources */,
				3BBCC3DC2953DCF900B7D9D6 /* DateSelectorView.swift in Sources */,
				3B241AF9296501BC002B23EF /* TimeAndTips.swift in Sources */,
				3B8E26D92952410400287043 /* SummaryView.swift in Sources */,
			);
			runOnlyForDeploymentPostprocessing = 0;
		};
/* End PBXSourcesBuildPhase section */

/* Begin XCBuildConfiguration section */
		3BF966B3294E3C81004903D5 /* Debug */ = {
			isa = XCBuildConfiguration;
			buildSettings = {
				ALWAYS_SEARCH_USER_PATHS = NO;
				CLANG_ANALYZER_NONNULL = YES;
				CLANG_ANALYZER_NUMBER_OBJECT_CONVERSION = YES_AGGRESSIVE;
				CLANG_CXX_LANGUAGE_STANDARD = "gnu++20";
				CLANG_ENABLE_MODULES = YES;
				CLANG_ENABLE_OBJC_ARC = YES;
				CLANG_ENABLE_OBJC_WEAK = YES;
				CLANG_WARN_BLOCK_CAPTURE_AUTORELEASING = YES;
				CLANG_WARN_BOOL_CONVERSION = YES;
				CLANG_WARN_COMMA = YES;
				CLANG_WARN_CONSTANT_CONVERSION = YES;
				CLANG_WARN_DEPRECATED_OBJC_IMPLEMENTATIONS = YES;
				CLANG_WARN_DIRECT_OBJC_ISA_USAGE = YES_ERROR;
				CLANG_WARN_DOCUMENTATION_COMMENTS = YES;
				CLANG_WARN_EMPTY_BODY = YES;
				CLANG_WARN_ENUM_CONVERSION = YES;
				CLANG_WARN_INFINITE_RECURSION = YES;
				CLANG_WARN_INT_CONVERSION = YES;
				CLANG_WARN_NON_LITERAL_NULL_CONVERSION = YES;
				CLANG_WARN_OBJC_IMPLICIT_RETAIN_SELF = YES;
				CLANG_WARN_OBJC_LITERAL_CONVERSION = YES;
				CLANG_WARN_OBJC_ROOT_CLASS = YES_ERROR;
				CLANG_WARN_QUOTED_INCLUDE_IN_FRAMEWORK_HEADER = YES;
				CLANG_WARN_RANGE_LOOP_ANALYSIS = YES;
				CLANG_WARN_STRICT_PROTOTYPES = YES;
				CLANG_WARN_SUSPICIOUS_MOVE = YES;
				CLANG_WARN_UNGUARDED_AVAILABILITY = YES_AGGRESSIVE;
				CLANG_WARN_UNREACHABLE_CODE = YES;
				CLANG_WARN__DUPLICATE_METHOD_MATCH = YES;
				COPY_PHASE_STRIP = NO;
				DEBUG_INFORMATION_FORMAT = dwarf;
				ENABLE_STRICT_OBJC_MSGSEND = YES;
				ENABLE_TESTABILITY = YES;
				GCC_C_LANGUAGE_STANDARD = gnu11;
				GCC_DYNAMIC_NO_PIC = NO;
				GCC_NO_COMMON_BLOCKS = YES;
				GCC_OPTIMIZATION_LEVEL = 0;
				GCC_PREPROCESSOR_DEFINITIONS = (
					"DEBUG=1",
					"$(inherited)",
				);
				GCC_WARN_64_TO_32_BIT_CONVERSION = YES;
				GCC_WARN_ABOUT_RETURN_TYPE = YES_ERROR;
				GCC_WARN_UNDECLARED_SELECTOR = YES;
				GCC_WARN_UNINITIALIZED_AUTOS = YES_AGGRESSIVE;
				GCC_WARN_UNUSED_FUNCTION = YES;
				GCC_WARN_UNUSED_VARIABLE = YES;
				IPHONEOS_DEPLOYMENT_TARGET = 16.2;
				MTL_ENABLE_DEBUG_INFO = INCLUDE_SOURCE;
				MTL_FAST_MATH = YES;
				ONLY_ACTIVE_ARCH = YES;
				SDKROOT = iphoneos;
				SWIFT_ACTIVE_COMPILATION_CONDITIONS = DEBUG;
				SWIFT_OPTIMIZATION_LEVEL = "-Onone";
			};
			name = Debug;
		};
		3BF966B4294E3C81004903D5 /* Release */ = {
			isa = XCBuildConfiguration;
			buildSettings = {
				ALWAYS_SEARCH_USER_PATHS = NO;
				CLANG_ANALYZER_NONNULL = YES;
				CLANG_ANALYZER_NUMBER_OBJECT_CONVERSION = YES_AGGRESSIVE;
				CLANG_CXX_LANGUAGE_STANDARD = "gnu++20";
				CLANG_ENABLE_MODULES = YES;
				CLANG_ENABLE_OBJC_ARC = YES;
				CLANG_ENABLE_OBJC_WEAK = YES;
				CLANG_WARN_BLOCK_CAPTURE_AUTORELEASING = YES;
				CLANG_WARN_BOOL_CONVERSION = YES;
				CLANG_WARN_COMMA = YES;
				CLANG_WARN_CONSTANT_CONVERSION = YES;
				CLANG_WARN_DEPRECATED_OBJC_IMPLEMENTATIONS = YES;
				CLANG_WARN_DIRECT_OBJC_ISA_USAGE = YES_ERROR;
				CLANG_WARN_DOCUMENTATION_COMMENTS = YES;
				CLANG_WARN_EMPTY_BODY = YES;
				CLANG_WARN_ENUM_CONVERSION = YES;
				CLANG_WARN_INFINITE_RECURSION = YES;
				CLANG_WARN_INT_CONVERSION = YES;
				CLANG_WARN_NON_LITERAL_NULL_CONVERSION = YES;
				CLANG_WARN_OBJC_IMPLICIT_RETAIN_SELF = YES;
				CLANG_WARN_OBJC_LITERAL_CONVERSION = YES;
				CLANG_WARN_OBJC_ROOT_CLASS = YES_ERROR;
				CLANG_WARN_QUOTED_INCLUDE_IN_FRAMEWORK_HEADER = YES;
				CLANG_WARN_RANGE_LOOP_ANALYSIS = YES;
				CLANG_WARN_STRICT_PROTOTYPES = YES;
				CLANG_WARN_SUSPICIOUS_MOVE = YES;
				CLANG_WARN_UNGUARDED_AVAILABILITY = YES_AGGRESSIVE;
				CLANG_WARN_UNREACHABLE_CODE = YES;
				CLANG_WARN__DUPLICATE_METHOD_MATCH = YES;
				COPY_PHASE_STRIP = NO;
				DEBUG_INFORMATION_FORMAT = "dwarf-with-dsym";
				ENABLE_NS_ASSERTIONS = NO;
				ENABLE_STRICT_OBJC_MSGSEND = YES;
				GCC_C_LANGUAGE_STANDARD = gnu11;
				GCC_NO_COMMON_BLOCKS = YES;
				GCC_WARN_64_TO_32_BIT_CONVERSION = YES;
				GCC_WARN_ABOUT_RETURN_TYPE = YES_ERROR;
				GCC_WARN_UNDECLARED_SELECTOR = YES;
				GCC_WARN_UNINITIALIZED_AUTOS = YES_AGGRESSIVE;
				GCC_WARN_UNUSED_FUNCTION = YES;
				GCC_WARN_UNUSED_VARIABLE = YES;
				IPHONEOS_DEPLOYMENT_TARGET = 16.2;
				MTL_ENABLE_DEBUG_INFO = NO;
				MTL_FAST_MATH = YES;
				SDKROOT = iphoneos;
				SWIFT_COMPILATION_MODE = wholemodule;
				SWIFT_OPTIMIZATION_LEVEL = "-O";
				VALIDATE_PRODUCT = YES;
			};
			name = Release;
		};
		3BF966B6294E3C81004903D5 /* Debug */ = {
			isa = XCBuildConfiguration;
			buildSettings = {
				ASSETCATALOG_COMPILER_APPICON_NAME = AppIcon;
				ASSETCATALOG_COMPILER_GLOBAL_ACCENT_COLOR_NAME = AccentColor;
				CODE_SIGN_STYLE = Automatic;
				CURRENT_PROJECT_VERSION = 1;
				DEVELOPMENT_ASSET_PATHS = "\"Time_Wage_Tip/Preview Content\"";
				ENABLE_PREVIEWS = YES;
				GENERATE_INFOPLIST_FILE = YES;
				INFOPLIST_KEY_UIApplicationSceneManifest_Generation = YES;
				INFOPLIST_KEY_UIApplicationSupportsIndirectInputEvents = YES;
				INFOPLIST_KEY_UILaunchScreen_Generation = YES;
				INFOPLIST_KEY_UISupportedInterfaceOrientations_iPad = "UIInterfaceOrientationPortrait UIInterfaceOrientationPortraitUpsideDown UIInterfaceOrientationLandscapeLeft UIInterfaceOrientationLandscapeRight";
				INFOPLIST_KEY_UISupportedInterfaceOrientations_iPhone = "UIInterfaceOrientationPortrait UIInterfaceOrientationLandscapeLeft UIInterfaceOrientationLandscapeRight";
				LD_RUNPATH_SEARCH_PATHS = (
					"$(inherited)",
					"@executable_path/Frameworks",
				);
				MARKETING_VERSION = 1.0;
				PRODUCT_BUNDLE_IDENTIFIER = "com.ribash.Time-Wage-Tip";
				PRODUCT_NAME = "$(TARGET_NAME)";
				SWIFT_EMIT_LOC_STRINGS = YES;
				SWIFT_VERSION = 5.0;
				TARGETED_DEVICE_FAMILY = "1,2";
			};
			name = Debug;
		};
		3BF966B7294E3C81004903D5 /* Release */ = {
			isa = XCBuildConfiguration;
			buildSettings = {
				ASSETCATALOG_COMPILER_APPICON_NAME = AppIcon;
				ASSETCATALOG_COMPILER_GLOBAL_ACCENT_COLOR_NAME = AccentColor;
				CODE_SIGN_STYLE = Automatic;
				CURRENT_PROJECT_VERSION = 1;
				DEVELOPMENT_ASSET_PATHS = "\"Time_Wage_Tip/Preview Content\"";
				ENABLE_PREVIEWS = YES;
				GENERATE_INFOPLIST_FILE = YES;
				INFOPLIST_KEY_UIApplicationSceneManifest_Generation = YES;
				INFOPLIST_KEY_UIApplicationSupportsIndirectInputEvents = YES;
				INFOPLIST_KEY_UILaunchScreen_Generation = YES;
				INFOPLIST_KEY_UISupportedInterfaceOrientations_iPad = "UIInterfaceOrientationPortrait UIInterfaceOrientationPortraitUpsideDown UIInterfaceOrientationLandscapeLeft UIInterfaceOrientationLandscapeRight";
				INFOPLIST_KEY_UISupportedInterfaceOrientations_iPhone = "UIInterfaceOrientationPortrait UIInterfaceOrientationLandscapeLeft UIInterfaceOrientationLandscapeRight";
				LD_RUNPATH_SEARCH_PATHS = (
					"$(inherited)",
					"@executable_path/Frameworks",
				);
				MARKETING_VERSION = 1.0;
				PRODUCT_BUNDLE_IDENTIFIER = "com.ribash.Time-Wage-Tip";
				PRODUCT_NAME = "$(TARGET_NAME)";
				SWIFT_EMIT_LOC_STRINGS = YES;
				SWIFT_VERSION = 5.0;
				TARGETED_DEVICE_FAMILY = "1,2";
			};
			name = Release;
		};
/* End XCBuildConfiguration section */

/* Begin XCConfigurationList section */
		3BF966A2294E3C80004903D5 /* Build configuration list for PBXProject "Time_Wage_Tip" */ = {
			isa = XCConfigurationList;
			buildConfigurations = (
				3BF966B3294E3C81004903D5 /* Debug */,
				3BF966B4294E3C81004903D5 /* Release */,
			);
			defaultConfigurationIsVisible = 0;
			defaultConfigurationName = Release;
		};
		3BF966B5294E3C81004903D5 /* Build configuration list for PBXNativeTarget "Time_Wage_Tip" */ = {
			isa = XCConfigurationList;
			buildConfigurations = (
				3BF966B6294E3C81004903D5 /* Debug */,
				3BF966B7294E3C81004903D5 /* Release */,
			);
			defaultConfigurationIsVisible = 0;
			defaultConfigurationName = Release;
		};
/* End XCConfigurationList section */
	};
	rootObject = 3BF9669F294E3C80004903D5 /* Project object */;
}
